
Microsoft Visual Studio Solution File, Format Version 12.00
# Visual Studio Version 16
VisualStudioVersion = 16.0.31205.134
MinimumVisualStudioVersion = 10.0.40219.1
Project("{FAE04EC0-301F-11D3-BF4B-00C04F79EFBC}") = "Matching-Game", "Matching-Game\Matching-Game.csproj", "{80D0B71A-229E-45F2-8F03-BB406B9B5347}"
EndProject
Global
	GlobalSection(SolutionConfigurationPlatforms) = preSolution
		Debug|Any CPU = Debug|Any CPU
		Release|Any CPU = Release|Any CPU
	EndGlobalSection
	GlobalSection(ProjectConfigurationPlatforms) = postSolution
		{80D0B71A-229E-45F2-8F03-BB406B9B5347}.Debug|Any CPU.ActiveCfg = Debug|Any CPU
		{80D0B71A-229E-45F2-8F03-BB406B9B5347}.Debug|Any CPU.Build.0 = Debug|Any CPU
		{80D0B71A-229E-45F2-8F03-BB406B9B5347}.Release|Any CPU.ActiveCfg = Release|Any CPU
		{80D0B71A-229E-45F2-8F03-BB406B9B5347}.Release|Any CPU.Build.0 = Release|Any CPU
	EndGlobalSection
	GlobalSection(SolutionProperties) = preSolution
		HideSolutionNode = FALSE
	EndGlobalSection
	GlobalSection(ExtensibilityGlobals) = postSolution
		SolutionGuid = {4CC775D2-3F0E-4155-8E44-74BE6F30E56B}
	EndGlobalSection
EndGlobal
